
Microsoft Visual Studio Solution File, Format Version 12.00
# Visual Studio Version 17
VisualStudioVersion = 17.0.31903.59
MinimumVisualStudioVersion = 10.0.40219.1
Project("{2150E333-8FDC-42A3-9474-1A3956D46DE8}") = "src", "src", "{CF2C03EC-8F8E-4B5A-B5AC-AC07367B7F55}"
EndProject
Project("{FAE04EC0-301F-11D3-BF4B-00C04F79EFBC}") = "OneReview", "src\OneReview\OneReview.csproj", "{F6CC7662-16D7-4A9C-9507-2D4729C13FF3}"
EndProject
Global
	GlobalSection(SolutionConfigurationPlatforms) = preSolution
		Debug|Any CPU = Debug|Any CPU
		Release|Any CPU = Release|Any CPU
	EndGlobalSection
	GlobalSection(SolutionProperties) = preSolution
		HideSolutionNode = FALSE
	EndGlobalSection
	GlobalSection(ProjectConfigurationPlatforms) = postSolution
		{F6CC7662-16D7-4A9C-9507-2D4729C13FF3}.Debug|Any CPU.ActiveCfg = Debug|Any CPU
		{F6CC7662-16D7-4A9C-9507-2D4729C13FF3}.Debug|Any CPU.Build.0 = Debug|Any CPU
		{F6CC7662-16D7-4A9C-9507-2D4729C13FF3}.Release|Any CPU.ActiveCfg = Release|Any CPU
		{F6CC7662-16D7-4A9C-9507-2D4729C13FF3}.Release|Any CPU.Build.0 = Release|Any CPU
	EndGlobalSection
	GlobalSection(NestedProjects) = preSolution
		{F6CC7662-16D7-4A9C-9507-2D4729C13FF3} = {CF2C03EC-8F8E-4B5A-B5AC-AC07367B7F55}
	EndGlobalSection
EndGlobal
